
Microsoft Visual Studio Solution File, Format Version 12.00
# Visual Studio Version 16
VisualStudioVersion = 16.0.31313.79
MinimumVisualStudioVersion = 10.0.40219.1
Project("{FAE04EC0-301F-11D3-BF4B-00C04F79EFBC}") = "Semana11", "Semana11\Semana11.csproj", "{EA297C24-5F0C-4D5A-9442-ADE3D659B83B}"
EndProject
Global
	GlobalSection(SolutionConfigurationPlatforms) = preSolution
		Debug|Any CPU = Debug|Any CPU
		Release|Any CPU = Release|Any CPU
	EndGlobalSection
	GlobalSection(ProjectConfigurationPlatforms) = postSolution
		{EA297C24-5F0C-4D5A-9442-ADE3D659B83B}.Debug|Any CPU.ActiveCfg = Debug|Any CPU
		{EA297C24-5F0C-4D5A-9442-ADE3D659B83B}.Debug|Any CPU.Build.0 = Debug|Any CPU
		{EA297C24-5F0C-4D5A-9442-ADE3D659B83B}.Release|Any CPU.ActiveCfg = Release|Any CPU
		{EA297C24-5F0C-4D5A-9442-ADE3D659B83B}.Release|Any CPU.Build.0 = Release|Any CPU
	EndGlobalSection
	GlobalSection(SolutionProperties) = preSolution
		HideSolutionNode = FALSE
	EndGlobalSection
	GlobalSection(ExtensibilityGlobals) = postSolution
		SolutionGuid = {57E808AB-6FB2-4A2E-A672-248A379C4D63}
	EndGlobalSection
EndGlobal
